// !$*UTF8*$!
{
	archiveVersion = 1;
	classes = {
	};
	objectVersion = 51;
	objects = {

/* Begin PBXBuildFile section */
		10DAA7F822C207CC005D7F2A /* AppDelegate.swift in Sources */ = {isa = PBXBuildFile; fileRef = 10DAA7F722C207CC005D7F2A /* AppDelegate.swift */; };
		10DAA7FA22C207CC005D7F2A /* ViewController.swift in Sources */ = {isa = PBXBuildFile; fileRef = 10DAA7F922C207CC005D7F2A /* ViewController.swift */; };
		10DAA7FD22C207CC005D7F2A /* Main.storyboard in Resources */ = {isa = PBXBuildFile; fileRef = 10DAA7FB22C207CC005D7F2A /* Main.storyboard */; };
		10DAA7FF22C207CD005D7F2A /* Assets.xcassets in Resources */ = {isa = PBXBuildFile; fileRef = 10DAA7FE22C207CD005D7F2A /* Assets.xcassets */; };
		10DAA80222C207CD005D7F2A /* LaunchScreen.storyboard in Resources */ = {isa = PBXBuildFile; fileRef = 10DAA80022C207CD005D7F2A /* LaunchScreen.storyboard */; };
		10DAA80A22C207E9005D7F2A /* Object.swift in Sources */ = {isa = PBXBuildFile; fileRef = 10DAA80922C207E9005D7F2A /* Object.swift */; };
		10DAA80C22C207FB005D7F2A /* MoyaService.swift in Sources */ = {isa = PBXBuildFile; fileRef = 10DAA80B22C207FB005D7F2A /* MoyaService.swift */; };
		63CC415BCA378EA35A7CF14C /* Pods_Async.framework in Frameworks */ = {isa = PBXBuildFile; fileRef = 4F05001483EA9663D4DC5F20 /* Pods_Async.framework */; };
/* End PBXBuildFile section */

/* Begin PBXFileReference section */
		10DAA7F422C207CC005D7F2A /* Async.app */ = {isa = PBXFileReference; explicitFileType = wrapper.application; includeInIndex = 0; path = Async.app; sourceTree = BUILT_PRODUCTS_DIR; };
		10DAA7F722C207CC005D7F2A /* AppDelegate.swift */ = {isa = PBXFileReference; lastKnownFileType = sourcecode.swift; path = AppDelegate.swift; sourceTree = "<group>"; };
		10DAA7F922C207CC005D7F2A /* ViewController.swift */ = {isa = PBXFileReference; lastKnownFileType = sourcecode.swift; path = ViewController.swift; sourceTree = "<group>"; };
		10DAA7FC22C207CC005D7F2A /* Base */ = {isa = PBXFileReference; lastKnownFileType = file.storyboard; name = Base; path = Base.lproj/Main.storyboard; sourceTree = "<group>"; };
		10DAA7FE22C207CD005D7F2A /* Assets.xcassets */ = {isa = PBXFileReference; lastKnownFileType = folder.assetcatalog; path = Assets.xcassets; sourceTree = "<group>"; };
		10DAA80122C207CD005D7F2A /* Base */ = {isa = PBXFileReference; lastKnownFileType = file.storyboard; name = Base; path = Base.lproj/LaunchScreen.storyboard; sourceTree = "<group>"; };
		10DAA80322C207CD005D7F2A /* Info.plist */ = {isa = PBXFileReference; lastKnownFileType = text.plist.xml; path = Info.plist; sourceTree = "<group>"; };
		10DAA80922C207E9005D7F2A /* Object.swift */ = {isa = PBXFileReference; lastKnownFileType = sourcecode.swift; path = Object.swift; sourceTree = "<group>"; };
		10DAA80B22C207FB005D7F2A /* MoyaService.swift */ = {isa = PBXFileReference; lastKnownFileType = sourcecode.swift; path = MoyaService.swift; sourceTree = "<group>"; };
		4F05001483EA9663D4DC5F20 /* Pods_Async.framework */ = {isa = PBXFileReference; explicitFileType = wrapper.framework; includeInIndex = 0; path = Pods_Async.framework; sourceTree = BUILT_PRODUCTS_DIR; };
		789101513428B321BC661923 /* Pods-Async.release.xcconfig */ = {isa = PBXFileReference; includeInIndex = 1; lastKnownFileType = text.xcconfig; name = "Pods-Async.release.xcconfig"; path = "Target Support Files/Pods-Async/Pods-Async.release.xcconfig"; sourceTree = "<group>"; };
		B44AC10B2466040ECA188882 /* Pods-Async.debug.xcconfig */ = {isa = PBXFileReference; includeInIndex = 1; lastKnownFileType = text.xcconfig; name = "Pods-Async.debug.xcconfig"; path = "Target Support Files/Pods-Async/Pods-Async.debug.xcconfig"; sourceTree = "<group>"; };
/* End PBXFileReference section */

/* Begin PBXFrameworksBuildPhase section */
		10DAA7F122C207CC005D7F2A /* Frameworks */ = {
			isa = PBXFrameworksBuildPhase;
			buildActionMask = 2147483647;
			files = (
				63CC415BCA378EA35A7CF14C /* Pods_Async.framework in Frameworks */,
			);
			runOnlyForDeploymentPostprocessing = 0;
		};
/* End PBXFrameworksBuildPhase section */

/* Begin PBXGroup section */
		10DAA7EB22C207CC005D7F2A = {
			isa = PBXGroup;
			children = (
				10DAA7F622C207CC005D7F2A /* Async */,
				10DAA7F522C207CC005D7F2A /* Products */,
				BADB772C30026D7D124BD657 /* Pods */,
				676A69CB2B32F7A4E01E80CB /* Frameworks */,
			);
			sourceTree = "<group>";
		};
		10DAA7F522C207CC005D7F2A /* Products */ = {
			isa = PBXGroup;
			children = (
				10DAA7F422C207CC005D7F2A /* Async.app */,
			);
			name = Products;
			sourceTree = "<group>";
		};
		10DAA7F622C207CC005D7F2A /* Async */ = {
			isa = PBXGroup;
			children = (
				10DAA7F722C207CC005D7F2A /* AppDelegate.swift */,
				10DAA7F922C207CC005D7F2A /* ViewController.swift */,
				10DAA7FB22C207CC005D7F2A /* Main.storyboard */,
				10DAA80922C207E9005D7F2A /* Object.swift */,
				10DAA80B22C207FB005D7F2A /* MoyaService.swift */,
				10DAA7FE22C207CD005D7F2A /* Assets.xcassets */,
				10DAA80022C207CD005D7F2A /* LaunchScreen.storyboard */,
				10DAA80322C207CD005D7F2A /* Info.plist */,
			);
			path = Async;
			sourceTree = "<group>";
		};
		676A69CB2B32F7A4E01E80CB /* Frameworks */ = {
			isa = PBXGroup;
			children = (
				4F05001483EA9663D4DC5F20 /* Pods_Async.framework */,
			);
			name = Frameworks;
			sourceTree = "<group>";
		};
		BADB772C30026D7D124BD657 /* Pods */ = {
			isa = PBXGroup;
			children = (
				B44AC10B2466040ECA188882 /* Pods-Async.debug.xcconfig */,
				789101513428B321BC661923 /* Pods-Async.release.xcconfig */,
			);
			path = Pods;
			sourceTree = "<group>";
		};
/* End PBXGroup section */

/* Begin PBXNativeTarget section */
		10DAA7F322C207CC005D7F2A /* Async */ = {
			isa = PBXNativeTarget;
			buildConfigurationList = 10DAA80622C207CD005D7F2A /* Build configuration list for PBXNativeTarget "Async" */;
			buildPhases = (
				C09057F87E9E31F05E1CC44E /* [CP] Check Pods Manifest.lock */,
				10DAA7F022C207CC005D7F2A /* Sources */,
				10DAA7F122C207CC005D7F2A /* Frameworks */,
				10DAA7F222C207CC005D7F2A /* Resources */,
				2139A35C861CAC3CAF48EECC /* [CP] Embed Pods Frameworks */,
			);
			buildRules = (
			);
			dependencies = (
			);
			name = Async;
			productName = Async;
			productReference = 10DAA7F422C207CC005D7F2A /* Async.app */;
			productType = "com.apple.product-type.application";
		};
/* End PBXNativeTarget section */

/* Begin PBXProject section */
		10DAA7EC22C207CC005D7F2A /* Project object */ = {
			isa = PBXProject;
			attributes = {
				LastSwiftUpdateCheck = 1020;
				LastUpgradeCheck = 1020;
				ORGANIZATIONNAME = "Grigoriy Sapogov";
				TargetAttributes = {
					10DAA7F322C207CC005D7F2A = {
						CreatedOnToolsVersion = 10.2.1;
					};
				};
			};
			buildConfigurationList = 10DAA7EF22C207CC005D7F2A /* Build configuration list for PBXProject "Async" */;
			compatibilityVersion = "Xcode 9.3";
			developmentRegion = en;
			hasScannedForEncodings = 0;
			knownRegions = (
				en,
				Base,
			);
			mainGroup = 10DAA7EB22C207CC005D7F2A;
			productRefGroup = 10DAA7F522C207CC005D7F2A /* Products */;
			projectDirPath = "";
			projectRoot = "";
			targets = (
				10DAA7F322C207CC005D7F2A /* Async */,
			);
		};
/* End PBXProject section */

/* Begin PBXResourcesBuildPhase section */
		10DAA7F222C207CC005D7F2A /* Resources */ = {
			isa = PBXResourcesBuildPhase;
			buildActionMask = 2147483647;
			files = (
				10DAA80222C207CD005D7F2A /* LaunchScreen.storyboard in Resources */,
				10DAA7FF22C207CD005D7F2A /* Assets.xcassets in Resources */,
				10DAA7FD22C207CC005D7F2A /* Main.storyboard in Resources */,
			);
			runOnlyForDeploymentPostprocessing = 0;
		};
/* End PBXResourcesBuildPhase section */

/* Begin PBXShellScriptBuildPhase section */
		2139A35C861CAC3CAF48EECC /* [CP] Embed Pods Frameworks */ = {
			isa = PBXShellScriptBuildPhase;
			buildActionMask = 2147483647;
			files = (
			);
			inputFileListPaths = (
				"${PODS_ROOT}/Target Support Files/Pods-Async/Pods-Async-frameworks-${CONFIGURATION}-input-files.xcfilelist",
			);
			name = "[CP] Embed Pods Frameworks";
			outputFileListPaths = (
				"${PODS_ROOT}/Target Support Files/Pods-Async/Pods-Async-frameworks-${CONFIGURATION}-output-files.xcfilelist",
			);
			runOnlyForDeploymentPostprocessing = 0;
			shellPath = /bin/sh;
			shellScript = "\"${PODS_ROOT}/Target Support Files/Pods-Async/Pods-Async-frameworks.sh\"\n";
			showEnvVarsInLog = 0;
		};
		C09057F87E9E31F05E1CC44E /* [CP] Check Pods Manifest.lock */ = {
			isa = PBXShellScriptBuildPhase;
			buildActionMask = 2147483647;
			files = (
			);
			inputFileListPaths = (
			);
			inputPaths = (
				"${PODS_PODFILE_DIR_PATH}/Podfile.lock",
				"${PODS_ROOT}/Manifest.lock",
			);
			name = "[CP] Check Pods Manifest.lock";
			outputFileListPaths = (
			);
			outputPaths = (
				"$(DERIVED_FILE_DIR)/Pods-Async-checkManifestLockResult.txt",
			);
			runOnlyForDeploymentPostprocessing = 0;
			shellPath = /bin/sh;
			shellScript = "diff \"${PODS_PODFILE_DIR_PATH}/Podfile.lock\" \"${PODS_ROOT}/Manifest.lock\" > /dev/null\nif [ $? != 0 ] ; then\n    # print error to STDERR\n    echo \"error: The sandbox is not in sync with the Podfile.lock. Run 'pod install' or update your CocoaPods installation.\" >&2\n    exit 1\nfi\n# This output is used by Xcode 'outputs' to avoid re-running this script phase.\necho \"SUCCESS\" > \"${SCRIPT_OUTPUT_FILE_0}\"\n";
			showEnvVarsInLog = 0;
		};
/* End PBXShellScriptBuildPhase section */

/* Begin PBXSourcesBuildPhase section */
		10DAA7F022C207CC005D7F2A /* Sources */ = {
			isa = PBXSourcesBuildPhase;
			buildActionMask = 2147483647;
			files = (
				10DAA7FA22C207CC005D7F2A /* ViewController.swift in Sources */,
				10DAA80A22C207E9005D7F2A /* Object.swift in Sources */,
				10DAA7F822C207CC005D7F2A /* AppDelegate.swift in Sources */,
				10DAA80C22C207FB005D7F2A /* MoyaService.swift in Sources */,
			);
			runOnlyForDeploymentPostprocessing = 0;
		};
/* End PBXSourcesBuildPhase section */

/* Begin PBXVariantGroup section */
		10DAA7FB22C207CC005D7F2A /* Main.storyboard */ = {
			isa = PBXVariantGroup;
			children = (
				10DAA7FC22C207CC005D7F2A /* Base */,
			);
			name = Main.storyboard;
			sourceTree = "<group>";
		};
		10DAA80022C207CD005D7F2A /* LaunchScreen.storyboard */ = {
			isa = PBXVariantGroup;
			children = (
				10DAA80122C207CD005D7F2A /* Base */,
			);
			name = LaunchScreen.storyboard;
			sourceTree = "<group>";
		};
/* End PBXVariantGroup section */

/* Begin XCBuildConfiguration section */
		10DAA80422C207CD005D7F2A /* Debug */ = {
			isa = XCBuildConfiguration;
			buildSettings = {
				ALWAYS_SEARCH_USER_PATHS = NO;
				CLANG_ANALYZER_NONNULL = YES;
				CLANG_ANALYZER_NUMBER_OBJECT_CONVERSION = YES_AGGRESSIVE;
				CLANG_CXX_LANGUAGE_STANDARD = "gnu++14";
				CLANG_CXX_LIBRARY = "libc++";
				CLANG_ENABLE_MODULES = YES;
				CLANG_ENABLE_OBJC_ARC = YES;
				CLANG_ENABLE_OBJC_WEAK = YES;
				CLANG_WARN_BLOCK_CAPTURE_AUTORELEASING = YES;
				CLANG_WARN_BOOL_CONVERSION = YES;
				CLANG_WARN_COMMA = YES;
				CLANG_WARN_CONSTANT_CONVERSION = YES;
				CLANG_WARN_DEPRECATED_OBJC_IMPLEMENTATIONS = YES;
				CLANG_WARN_DIRECT_OBJC_ISA_USAGE = YES_ERROR;
				CLANG_WARN_DOCUMENTATION_COMMENTS = YES;
				CLANG_WARN_EMPTY_BODY = YES;
				CLANG_WARN_ENUM_CONVERSION = YES;
				CLANG_WARN_INFINITE_RECURSION = YES;
				CLANG_WARN_INT_CONVERSION = YES;
				CLANG_WARN_NON_LITERAL_NULL_CONVERSION = YES;
				CLANG_WARN_OBJC_IMPLICIT_RETAIN_SELF = YES;
				CLANG_WARN_OBJC_LITERAL_CONVERSION = YES;
				CLANG_WARN_OBJC_ROOT_CLASS = YES_ERROR;
				CLANG_WARN_RANGE_LOOP_ANALYSIS = YES;
				CLANG_WARN_STRICT_PROTOTYPES = YES;
				CLANG_WARN_SUSPICIOUS_MOVE = YES;
				CLANG_WARN_UNGUARDED_AVAILABILITY = YES_AGGRESSIVE;
				CLANG_WARN_UNREACHABLE_CODE = YES;
				CLANG_WARN__DUPLICATE_METHOD_MATCH = YES;
				CODE_SIGN_IDENTITY = "iPhone Developer";
				COPY_PHASE_STRIP = NO;
				DEBUG_INFORMATION_FORMAT = dwarf;
				ENABLE_STRICT_OBJC_MSGSEND = YES;
				ENABLE_TESTABILITY = YES;
				GCC_C_LANGUAGE_STANDARD = gnu11;
				GCC_DYNAMIC_NO_PIC = NO;
				GCC_NO_COMMON_BLOCKS = YES;
				GCC_OPTIMIZATION_LEVEL = 0;
				GCC_PREPROCESSOR_DEFINITIONS = (
					"DEBUG=1",
					"$(inherited)",
				);
				GCC_WARN_64_TO_32_BIT_CONVERSION = YES;
				GCC_WARN_ABOUT_RETURN_TYPE = YES_ERROR;
				GCC_WARN_UNDECLARED_SELECTOR = YES;
				GCC_WARN_UNINITIALIZED_AUTOS = YES_AGGRESSIVE;
				GCC_WARN_UNUSED_FUNCTION = YES;
				GCC_WARN_UNUSED_VARIABLE = YES;
				IPHONEOS_DEPLOYMENT_TARGET = 12.2;
				MTL_ENABLE_DEBUG_INFO = INCLUDE_SOURCE;
				MTL_FAST_MATH = YES;
				ONLY_ACTIVE_ARCH = YES;
				SDKROOT = iphoneos;
				SWIFT_ACTIVE_COMPILATION_CONDITIONS = DEBUG;
				SWIFT_OPTIMIZATION_LEVEL = "-Onone";
			};
			name = Debug;
		};
		10DAA80522C207CD005D7F2A /* Release */ = {
			isa = XCBuildConfiguration;
			buildSettings = {
				ALWAYS_SEARCH_USER_PATHS = NO;
				CLANG_ANALYZER_NONNULL = YES;
				CLANG_ANALYZER_NUMBER_OBJECT_CONVERSION = YES_AGGRESSIVE;
				CLANG_CXX_LANGUAGE_STANDARD = "gnu++14";
				CLANG_CXX_LIBRARY = "libc++";
				CLANG_ENABLE_MODULES = YES;
				CLANG_ENABLE_OBJC_ARC = YES;
				CLANG_ENABLE_OBJC_WEAK = YES;
				CLANG_WARN_BLOCK_CAPTURE_AUTORELEASING = YES;
				CLANG_WARN_BOOL_CONVERSION = YES;
				CLANG_WARN_COMMA = YES;
				CLANG_WARN_CONSTANT_CONVERSION = YES;
				CLANG_WARN_DEPRECATED_OBJC_IMPLEMENTATIONS = YES;
				CLANG_WARN_DIRECT_OBJC_ISA_USAGE = YES_ERROR;
				CLANG_WARN_DOCUMENTATION_COMMENTS = YES;
				CLANG_WARN_EMPTY_BODY = YES;
				CLANG_WARN_ENUM_CONVERSION = YES;
				CLANG_WARN_INFINITE_RECURSION = YES;
				CLANG_WARN_INT_CONVERSION = YES;
				CLANG_WARN_NON_LITERAL_NULL_CONVERSION = YES;
				CLANG_WARN_OBJC_IMPLICIT_RETAIN_SELF = YES;
				CLANG_WARN_OBJC_LITERAL_CONVERSION = YES;
				CLANG_WARN_OBJC_ROOT_CLASS = YES_ERROR;
				CLANG_WARN_RANGE_LOOP_ANALYSIS = YES;
				CLANG_WARN_STRICT_PROTOTYPES = YES;
				CLANG_WARN_SUSPICIOUS_MOVE = YES;
				CLANG_WARN_UNGUARDED_AVAILABILITY = YES_AGGRESSIVE;
				CLANG_WARN_UNREACHABLE_CODE = YES;
				CLANG_WARN__DUPLICATE_METHOD_MATCH = YES;
				CODE_SIGN_IDENTITY = "iPhone Developer";
				COPY_PHASE_STRIP = NO;
				DEBUG_INFORMATION_FORMAT = "dwarf-with-dsym";
				ENABLE_NS_ASSERTIONS = NO;
				ENABLE_STRICT_OBJC_MSGSEND = YES;
				GCC_C_LANGUAGE_STANDARD = gnu11;
				GCC_NO_COMMON_BLOCKS = YES;
				GCC_WARN_64_TO_32_BIT_CONVERSION = YES;
				GCC_WARN_ABOUT_RETURN_TYPE = YES_ERROR;
				GCC_WARN_UNDECLARED_SELECTOR = YES;
				GCC_WARN_UNINITIALIZED_AUTOS = YES_AGGRESSIVE;
				GCC_WARN_UNUSED_FUNCTION = YES;
				GCC_WARN_UNUSED_VARIABLE = YES;
				IPHONEOS_DEPLOYMENT_TARGET = 12.2;
				MTL_ENABLE_DEBUG_INFO = NO;
				MTL_FAST_MATH = YES;
				SDKROOT = iphoneos;
				SWIFT_COMPILATION_MODE = wholemodule;
				SWIFT_OPTIMIZATION_LEVEL = "-O";
				VALIDATE_PRODUCT = YES;
			};
			name = Release;
		};
		10DAA80722C207CD005D7F2A /* Debug */ = {
			isa = XCBuildConfiguration;
			baseConfigurationReference = B44AC10B2466040ECA188882 /* Pods-Async.debug.xcconfig */;
			buildSettings = {
				ASSETCATALOG_COMPILER_APPICON_NAME = AppIcon;
				CODE_SIGN_STYLE = Automatic;
				DEVELOPMENT_TEAM = KTV28US9SX;
				INFOPLIST_FILE = Async/Info.plist;
				LD_RUNPATH_SEARCH_PATHS = (
					"$(inherited)",
					"@executable_path/Frameworks",
				);
				PRODUCT_BUNDLE_IDENTIFIER = com.sapgv.Async;
				PRODUCT_NAME = "$(TARGET_NAME)";
				SWIFT_VERSION = 5.0;
				TARGETED_DEVICE_FAMILY = "1,2";
			};
			name = Debug;
		};
		10DAA80822C207CD005D7F2A /* Release */ = {
			isa = XCBuildConfiguration;
			baseConfigurationReference = 789101513428B321BC661923 /* Pods-Async.release.xcconfig */;
			buildSettings = {
				ASSETCATALOG_COMPILER_APPICON_NAME = AppIcon;
				CODE_SIGN_STYLE = Automatic;
				DEVELOPMENT_TEAM = KTV28US9SX;
				INFOPLIST_FILE = Async/Info.plist;
				LD_RUNPATH_SEARCH_PATHS = (
					"$(inherited)",
					"@executable_path/Frameworks",
				);
				PRODUCT_BUNDLE_IDENTIFIER = com.sapgv.Async;
				PRODUCT_NAME = "$(TARGET_NAME)";
				SWIFT_VERSION = 5.0;
				TARGETED_DEVICE_FAMILY = "1,2";
			};
			name = Release;
		};
/* End XCBuildConfiguration section */

/* Begin XCConfigurationList section */
		10DAA7EF22C207CC005D7F2A /* Build configuration list for PBXProject "Async" */ = {
			isa = XCConfigurationList;
			buildConfigurations = (
				10DAA80422C207CD005D7F2A /* Debug */,
				10DAA80522C207CD005D7F2A /* Release */,
			);
			defaultConfigurationIsVisible = 0;
			defaultConfigurationName = Release;
		};
		10DAA80622C207CD005D7F2A /* Build configuration list for PBXNativeTarget "Async" */ = {
			isa = XCConfigurationList;
			buildConfigurations = (
				10DAA80722C207CD005D7F2A /* Debug */,
				10DAA80822C207CD005D7F2A /* Release */,
			);
			defaultConfigurationIsVisible = 0;
			defaultConfigurationName = Release;
		};
/* End XCConfigurationList section */
	};
	rootObject = 10DAA7EC22C207CC005D7F2A /* Project object */;
}
